// !$*UTF8*$!
{
	archiveVersion = 1;
	classes = {
	};
	objectVersion = 56;
	objects = {

/* Begin PBXBuildFile section */
		030CBE5F909FEAD9759F2683 /* Pods_Recipex.framework in Frameworks */ = {isa = PBXBuildFile; fileRef = D2AC4EF067D8A32562DF7156 /* Pods_Recipex.framework */; };
		9825FCCC2980378500527073 /* AppDelegate.swift in Sources */ = {isa = PBXBuildFile; fileRef = 9825FCCB2980378500527073 /* AppDelegate.swift */; };
		9825FCCE2980378500527073 /* SceneDelegate.swift in Sources */ = {isa = PBXBuildFile; fileRef = 9825FCCD2980378500527073 /* SceneDelegate.swift */; };
		9825FCD02980378500527073 /* ViewController.swift in Sources */ = {isa = PBXBuildFile; fileRef = 9825FCCF2980378500527073 /* ViewController.swift */; };
		9825FCD32980378500527073 /* Main.storyboard in Resources */ = {isa = PBXBuildFile; fileRef = 9825FCD12980378500527073 /* Main.storyboard */; };
		9825FCD52980378600527073 /* Assets.xcassets in Resources */ = {isa = PBXBuildFile; fileRef = 9825FCD42980378600527073 /* Assets.xcassets */; };
		9825FCD82980378600527073 /* LaunchScreen.storyboard in Resources */ = {isa = PBXBuildFile; fileRef = 9825FCD62980378600527073 /* LaunchScreen.storyboard */; };
		9825FCE12980402500527073 /* Alamofire in Frameworks */ = {isa = PBXBuildFile; productRef = 9825FCE02980402500527073 /* Alamofire */; };
/* End PBXBuildFile section */

/* Begin PBXFileReference section */
		3FBFBE302642084456461DAF /* Pods-Recipex.release.xcconfig */ = {isa = PBXFileReference; includeInIndex = 1; lastKnownFileType = text.xcconfig; name = "Pods-Recipex.release.xcconfig"; path = "Target Support Files/Pods-Recipex/Pods-Recipex.release.xcconfig"; sourceTree = "<group>"; };
		460CE36F5C969D79825D6A16 /* Pods-Recipex.debug.xcconfig */ = {isa = PBXFileReference; includeInIndex = 1; lastKnownFileType = text.xcconfig; name = "Pods-Recipex.debug.xcconfig"; path = "Target Support Files/Pods-Recipex/Pods-Recipex.debug.xcconfig"; sourceTree = "<group>"; };
		9825FCC82980378500527073 /* Recipex.app */ = {isa = PBXFileReference; explicitFileType = wrapper.application; includeInIndex = 0; path = Recipex.app; sourceTree = BUILT_PRODUCTS_DIR; };
		9825FCCB2980378500527073 /* AppDelegate.swift */ = {isa = PBXFileReference; lastKnownFileType = sourcecode.swift; path = AppDelegate.swift; sourceTree = "<group>"; };
		9825FCCD2980378500527073 /* SceneDelegate.swift */ = {isa = PBXFileReference; lastKnownFileType = sourcecode.swift; path = SceneDelegate.swift; sourceTree = "<group>"; };
		9825FCCF2980378500527073 /* ViewController.swift */ = {isa = PBXFileReference; lastKnownFileType = sourcecode.swift; path = ViewController.swift; sourceTree = "<group>"; };
		9825FCD22980378500527073 /* Base */ = {isa = PBXFileReference; lastKnownFileType = file.storyboard; name = Base; path = Base.lproj/Main.storyboard; sourceTree = "<group>"; };
		9825FCD42980378600527073 /* Assets.xcassets */ = {isa = PBXFileReference; lastKnownFileType = folder.assetcatalog; path = Assets.xcassets; sourceTree = "<group>"; };
		9825FCD72980378600527073 /* Base */ = {isa = PBXFileReference; lastKnownFileType = file.storyboard; name = Base; path = Base.lproj/LaunchScreen.storyboard; sourceTree = "<group>"; };
		9825FCD92980378600527073 /* Info.plist */ = {isa = PBXFileReference; lastKnownFileType = text.plist.xml; path = Info.plist; sourceTree = "<group>"; };
		D2AC4EF067D8A32562DF7156 /* Pods_Recipex.framework */ = {isa = PBXFileReference; explicitFileType = wrapper.framework; includeInIndex = 0; path = Pods_Recipex.framework; sourceTree = BUILT_PRODUCTS_DIR; };
/* End PBXFileReference section */

/* Begin PBXFrameworksBuildPhase section */
		9825FCC52980378500527073 /* Frameworks */ = {
			isa = PBXFrameworksBuildPhase;
			buildActionMask = 2147483647;
			files = (
				030CBE5F909FEAD9759F2683 /* Pods_Recipex.framework in Frameworks */,
				9825FCE12980402500527073 /* Alamofire in Frameworks */,
			);
			runOnlyForDeploymentPostprocessing = 0;
		};
/* End PBXFrameworksBuildPhase section */

/* Begin PBXGroup section */
		2837A7A0151F7447471379BE /* Frameworks */ = {
			isa = PBXGroup;
			children = (
				D2AC4EF067D8A32562DF7156 /* Pods_Recipex.framework */,
			);
			name = Frameworks;
			sourceTree = "<group>";
		};
		9825FCBF2980378500527073 = {
			isa = PBXGroup;
			children = (
				9825FCCA2980378500527073 /* Recipex */,
				9825FCC92980378500527073 /* Products */,
				DDCD641EAD3640BDCD940778 /* Pods */,
				2837A7A0151F7447471379BE /* Frameworks */,
			);
			sourceTree = "<group>";
		};
		9825FCC92980378500527073 /* Products */ = {
			isa = PBXGroup;
			children = (
				9825FCC82980378500527073 /* Recipex.app */,
			);
			name = Products;
			sourceTree = "<group>";
		};
		9825FCCA2980378500527073 /* Recipex */ = {
			isa = PBXGroup;
			children = (
				9825FCCB2980378500527073 /* AppDelegate.swift */,
				9825FCCD2980378500527073 /* SceneDelegate.swift */,
				9825FCCF2980378500527073 /* ViewController.swift */,
				9825FCD12980378500527073 /* Main.storyboard */,
				9825FCD42980378600527073 /* Assets.xcassets */,
				9825FCD62980378600527073 /* LaunchScreen.storyboard */,
				9825FCD92980378600527073 /* Info.plist */,
			);
			path = Recipex;
			sourceTree = "<group>";
		};
		DDCD641EAD3640BDCD940778 /* Pods */ = {
			isa = PBXGroup;
			children = (
				460CE36F5C969D79825D6A16 /* Pods-Recipex.debug.xcconfig */,
				3FBFBE302642084456461DAF /* Pods-Recipex.release.xcconfig */,
			);
			path = Pods;
			sourceTree = "<group>";
		};
/* End PBXGroup section */

/* Begin PBXNativeTarget section */
		9825FCC72980378500527073 /* Recipex */ = {
			isa = PBXNativeTarget;
			buildConfigurationList = 9825FCDC2980378600527073 /* Build configuration list for PBXNativeTarget "Recipex" */;
			buildPhases = (
				C94975AED109C62D33DCBAF1 /* [CP] Check Pods Manifest.lock */,
				9825FCC42980378500527073 /* Sources */,
				9825FCC52980378500527073 /* Frameworks */,
				9825FCC62980378500527073 /* Resources */,
			);
			buildRules = (
			);
			dependencies = (
			);
			name = Recipex;
			packageProductDependencies = (
				9825FCE02980402500527073 /* Alamofire */,
			);
			productName = Recipex;
			productReference = 9825FCC82980378500527073 /* Recipex.app */;
			productType = "com.apple.product-type.application";
		};
/* End PBXNativeTarget section */

/* Begin PBXProject section */
		9825FCC02980378500527073 /* Project object */ = {
			isa = PBXProject;
			attributes = {
				BuildIndependentTargetsInParallel = 1;
				LastSwiftUpdateCheck = 1420;
				LastUpgradeCheck = 1420;
				TargetAttributes = {
					9825FCC72980378500527073 = {
						CreatedOnToolsVersion = 14.2;
					};
				};
			};
			buildConfigurationList = 9825FCC32980378500527073 /* Build configuration list for PBXProject "Recipex" */;
			compatibilityVersion = "Xcode 14.0";
			developmentRegion = en;
			hasScannedForEncodings = 0;
			knownRegions = (
				en,
				Base,
			);
			mainGroup = 9825FCBF2980378500527073;
			packageReferences = (
				9825FCDF2980402500527073 /* XCRemoteSwiftPackageReference "Alamofire" */,
			);
			productRefGroup = 9825FCC92980378500527073 /* Products */;
			projectDirPath = "";
			projectRoot = "";
			targets = (
				9825FCC72980378500527073 /* Recipex */,
			);
		};
/* End PBXProject section */

/* Begin PBXResourcesBuildPhase section */
		9825FCC62980378500527073 /* Resources */ = {
			isa = PBXResourcesBuildPhase;
			buildActionMask = 2147483647;
			files = (
				9825FCD82980378600527073 /* LaunchScreen.storyboard in Resources */,
				9825FCD52980378600527073 /* Assets.xcassets in Resources */,
				9825FCD32980378500527073 /* Main.storyboard in Resources */,
			);
			runOnlyForDeploymentPostprocessing = 0;
		};
/* End PBXResourcesBuildPhase section */

/* Begin PBXShellScriptBuildPhase section */
		C94975AED109C62D33DCBAF1 /* [CP] Check Pods Manifest.lock */ = {
			isa = PBXShellScriptBuildPhase;
			buildActionMask = 2147483647;
			files = (
			);
			inputFileListPaths = (
			);
			inputPaths = (
				"${PODS_PODFILE_DIR_PATH}/Podfile.lock",
				"${PODS_ROOT}/Manifest.lock",
			);
			name = "[CP] Check Pods Manifest.lock";
			outputFileListPaths = (
			);
			outputPaths = (
				"$(DERIVED_FILE_DIR)/Pods-Recipex-checkManifestLockResult.txt",
			);
			runOnlyForDeploymentPostprocessing = 0;
			shellPath = /bin/sh;
			shellScript = "diff \"${PODS_PODFILE_DIR_PATH}/Podfile.lock\" \"${PODS_ROOT}/Manifest.lock\" > /dev/null\nif [ $? != 0 ] ; then\n    # print error to STDERR\n    echo \"error: The sandbox is not in sync with the Podfile.lock. Run 'pod install' or update your CocoaPods installation.\" >&2\n    exit 1\nfi\n# This output is used by Xcode 'outputs' to avoid re-running this script phase.\necho \"SUCCESS\" > \"${SCRIPT_OUTPUT_FILE_0}\"\n";
			showEnvVarsInLog = 0;
		};
/* End PBXShellScriptBuildPhase section */

/* Begin PBXSourcesBuildPhase section */
		9825FCC42980378500527073 /* Sources */ = {
			isa = PBXSourcesBuildPhase;
			buildActionMask = 2147483647;
			files = (
				9825FCD02980378500527073 /* ViewController.swift in Sources */,
				9825FCCC2980378500527073 /* AppDelegate.swift in Sources */,
				9825FCCE2980378500527073 /* SceneDelegate.swift in Sources */,
			);
			runOnlyForDeploymentPostprocessing = 0;
		};
/* End PBXSourcesBuildPhase section */

/* Begin PBXVariantGroup section */
		9825FCD12980378500527073 /* Main.storyboard */ = {
			isa = PBXVariantGroup;
			children = (
				9825FCD22980378500527073 /* Base */,
			);
			name = Main.storyboard;
			sourceTree = "<group>";
		};
		9825FCD62980378600527073 /* LaunchScreen.storyboard */ = {
			isa = PBXVariantGroup;
			children = (
				9825FCD72980378600527073 /* Base */,
			);
			name = LaunchScreen.storyboard;
			sourceTree = "<group>";
		};
/* End PBXVariantGroup section */

/* Begin XCBuildConfiguration section */
		9825FCDA2980378600527073 /* Debug */ = {
			isa = XCBuildConfiguration;
			buildSettings = {
				ALWAYS_SEARCH_USER_PATHS = NO;
				CLANG_ANALYZER_NONNULL = YES;
				CLANG_ANALYZER_NUMBER_OBJECT_CONVERSION = YES_AGGRESSIVE;
				CLANG_CXX_LANGUAGE_STANDARD = "gnu++20";
				CLANG_ENABLE_MODULES = YES;
				CLANG_ENABLE_OBJC_ARC = YES;
				CLANG_ENABLE_OBJC_WEAK = YES;
				CLANG_WARN_BLOCK_CAPTURE_AUTORELEASING = YES;
				CLANG_WARN_BOOL_CONVERSION = YES;
				CLANG_WARN_COMMA = YES;
				CLANG_WARN_CONSTANT_CONVERSION = YES;
				CLANG_WARN_DEPRECATED_OBJC_IMPLEMENTATIONS = YES;
				CLANG_WARN_DIRECT_OBJC_ISA_USAGE = YES_ERROR;
				CLANG_WARN_DOCUMENTATION_COMMENTS = YES;
				CLANG_WARN_EMPTY_BODY = YES;
				CLANG_WARN_ENUM_CONVERSION = YES;
				CLANG_WARN_INFINITE_RECURSION = YES;
				CLANG_WARN_INT_CONVERSION = YES;
				CLANG_WARN_NON_LITERAL_NULL_CONVERSION = YES;
				CLANG_WARN_OBJC_IMPLICIT_RETAIN_SELF = YES;
				CLANG_WARN_OBJC_LITERAL_CONVERSION = YES;
				CLANG_WARN_OBJC_ROOT_CLASS = YES_ERROR;
				CLANG_WARN_QUOTED_INCLUDE_IN_FRAMEWORK_HEADER = YES;
				CLANG_WARN_RANGE_LOOP_ANALYSIS = YES;
				CLANG_WARN_STRICT_PROTOTYPES = YES;
				CLANG_WARN_SUSPICIOUS_MOVE = YES;
				CLANG_WARN_UNGUARDED_AVAILABILITY = YES_AGGRESSIVE;
				CLANG_WARN_UNREACHABLE_CODE = YES;
				CLANG_WARN__DUPLICATE_METHOD_MATCH = YES;
				COPY_PHASE_STRIP = NO;
				DEBUG_INFORMATION_FORMAT = dwarf;
				ENABLE_STRICT_OBJC_MSGSEND = YES;
				ENABLE_TESTABILITY = YES;
				GCC_C_LANGUAGE_STANDARD = gnu11;
				GCC_DYNAMIC_NO_PIC = NO;
				GCC_NO_COMMON_BLOCKS = YES;
				GCC_OPTIMIZATION_LEVEL = 0;
				GCC_PREPROCESSOR_DEFINITIONS = (
					"DEBUG=1",
					"$(inherited)",
				);
				GCC_WARN_64_TO_32_BIT_CONVERSION = YES;
				GCC_WARN_ABOUT_RETURN_TYPE = YES_ERROR;
				GCC_WARN_UNDECLARED_SELECTOR = YES;
				GCC_WARN_UNINITIALIZED_AUTOS = YES_AGGRESSIVE;
				GCC_WARN_UNUSED_FUNCTION = YES;
				GCC_WARN_UNUSED_VARIABLE = YES;
				IPHONEOS_DEPLOYMENT_TARGET = 16.2;
				MTL_ENABLE_DEBUG_INFO = INCLUDE_SOURCE;
				MTL_FAST_MATH = YES;
				ONLY_ACTIVE_ARCH = YES;
				SDKROOT = iphoneos;
				SWIFT_ACTIVE_COMPILATION_CONDITIONS = DEBUG;
				SWIFT_OPTIMIZATION_LEVEL = "-Onone";
			};
			name = Debug;
		};
		9825FCDB2980378600527073 /* Release */ = {
			isa = XCBuildConfiguration;
			buildSettings = {
				ALWAYS_SEARCH_USER_PATHS = NO;
				CLANG_ANALYZER_NONNULL = YES;
				CLANG_ANALYZER_NUMBER_OBJECT_CONVERSION = YES_AGGRESSIVE;
				CLANG_CXX_LANGUAGE_STANDARD = "gnu++20";
				CLANG_ENABLE_MODULES = YES;
				CLANG_ENABLE_OBJC_ARC = YES;
				CLANG_ENABLE_OBJC_WEAK = YES;
				CLANG_WARN_BLOCK_CAPTURE_AUTORELEASING = YES;
				CLANG_WARN_BOOL_CONVERSION = YES;
				CLANG_WARN_COMMA = YES;
				CLANG_WARN_CONSTANT_CONVERSION = YES;
				CLANG_WARN_DEPRECATED_OBJC_IMPLEMENTATIONS = YES;
				CLANG_WARN_DIRECT_OBJC_ISA_USAGE = YES_ERROR;
				CLANG_WARN_DOCUMENTATION_COMMENTS = YES;
				CLANG_WARN_EMPTY_BODY = YES;
				CLANG_WARN_ENUM_CONVERSION = YES;
				CLANG_WARN_INFINITE_RECURSION = YES;
				CLANG_WARN_INT_CONVERSION = YES;
				CLANG_WARN_NON_LITERAL_NULL_CONVERSION = YES;
				CLANG_WARN_OBJC_IMPLICIT_RETAIN_SELF = YES;
				CLANG_WARN_OBJC_LITERAL_CONVERSION = YES;
				CLANG_WARN_OBJC_ROOT_CLASS = YES_ERROR;
				CLANG_WARN_QUOTED_INCLUDE_IN_FRAMEWORK_HEADER = YES;
				CLANG_WARN_RANGE_LOOP_ANALYSIS = YES;
				CLANG_WARN_STRICT_PROTOTYPES = YES;
				CLANG_WARN_SUSPICIOUS_MOVE = YES;
				CLANG_WARN_UNGUARDED_AVAILABILITY = YES_AGGRESSIVE;
				CLANG_WARN_UNREACHABLE_CODE = YES;
				CLANG_WARN__DUPLICATE_METHOD_MATCH = YES;
				COPY_PHASE_STRIP = NO;
				DEBUG_INFORMATION_FORMAT = "dwarf-with-dsym";
				ENABLE_NS_ASSERTIONS = NO;
				ENABLE_STRICT_OBJC_MSGSEND = YES;
				GCC_C_LANGUAGE_STANDARD = gnu11;
				GCC_NO_COMMON_BLOCKS = YES;
				GCC_WARN_64_TO_32_BIT_CONVERSION = YES;
				GCC_WARN_ABOUT_RETURN_TYPE = YES_ERROR;
				GCC_WARN_UNDECLARED_SELECTOR = YES;
				GCC_WARN_UNINITIALIZED_AUTOS = YES_AGGRESSIVE;
				GCC_WARN_UNUSED_FUNCTION = YES;
				GCC_WARN_UNUSED_VARIABLE = YES;
				IPHONEOS_DEPLOYMENT_TARGET = 16.2;
				MTL_ENABLE_DEBUG_INFO = NO;
				MTL_FAST_MATH = YES;
				SDKROOT = iphoneos;
				SWIFT_COMPILATION_MODE = wholemodule;
				SWIFT_OPTIMIZATION_LEVEL = "-O";
				VALIDATE_PRODUCT = YES;
			};
			name = Release;
		};
		9825FCDD2980378600527073 /* Debug */ = {
			isa = XCBuildConfiguration;
			baseConfigurationReference = 460CE36F5C969D79825D6A16 /* Pods-Recipex.debug.xcconfig */;
			buildSettings = {
				ASSETCATALOG_COMPILER_APPICON_NAME = AppIcon;
				ASSETCATALOG_COMPILER_GLOBAL_ACCENT_COLOR_NAME = AccentColor;
				CODE_SIGN_STYLE = Automatic;
				CURRENT_PROJECT_VERSION = 1;
				DEVELOPMENT_TEAM = K9ARTFA3QF;
				GENERATE_INFOPLIST_FILE = YES;
				INFOPLIST_FILE = Recipex/Info.plist;
				INFOPLIST_KEY_UIApplicationSupportsIndirectInputEvents = YES;
				INFOPLIST_KEY_UILaunchStoryboardName = LaunchScreen;
				INFOPLIST_KEY_UIMainStoryboardFile = Main;
				INFOPLIST_KEY_UISupportedInterfaceOrientations = UIInterfaceOrientationPortrait;
				INFOPLIST_KEY_UISupportedInterfaceOrientations_iPad = "UIInterfaceOrientationLandscapeLeft UIInterfaceOrientationLandscapeRight UIInterfaceOrientationPortrait UIInterfaceOrientationPortraitUpsideDown";
				LD_RUNPATH_SEARCH_PATHS = (
					"$(inherited)",
					"@executable_path/Frameworks",
				);
				MARKETING_VERSION = 1.0;
				PRODUCT_BUNDLE_IDENTIFIER = Saidac.Recipex;
				PRODUCT_NAME = "$(TARGET_NAME)";
				SWIFT_EMIT_LOC_STRINGS = YES;
				SWIFT_VERSION = 5.0;
				TARGETED_DEVICE_FAMILY = "1,2";
			};
			name = Debug;
		};
		9825FCDE2980378600527073 /* Release */ = {
			isa = XCBuildConfiguration;
			baseConfigurationReference = 3FBFBE302642084456461DAF /* Pods-Recipex.release.xcconfig */;
			buildSettings = {
				ASSETCATALOG_COMPILER_APPICON_NAME = AppIcon;
				ASSETCATALOG_COMPILER_GLOBAL_ACCENT_COLOR_NAME = AccentColor;
				CODE_SIGN_STYLE = Automatic;
				CURRENT_PROJECT_VERSION = 1;
				DEVELOPMENT_TEAM = K9ARTFA3QF;
				GENERATE_INFOPLIST_FILE = YES;
				INFOPLIST_FILE = Recipex/Info.plist;
				INFOPLIST_KEY_UIApplicationSupportsIndirectInputEvents = YES;
				INFOPLIST_KEY_UILaunchStoryboardName = LaunchScreen;
				INFOPLIST_KEY_UIMainStoryboardFile = Main;
				INFOPLIST_KEY_UISupportedInterfaceOrientations = UIInterfaceOrientationPortrait;
				INFOPLIST_KEY_UISupportedInterfaceOrientations_iPad = "UIInterfaceOrientationLandscapeLeft UIInterfaceOrientationLandscapeRight UIInterfaceOrientationPortrait UIInterfaceOrientationPortraitUpsideDown";
				LD_RUNPATH_SEARCH_PATHS = (
					"$(inherited)",
					"@executable_path/Frameworks",
				);
				MARKETING_VERSION = 1.0;
				PRODUCT_BUNDLE_IDENTIFIER = Saidac.Recipex;
				PRODUCT_NAME = "$(TARGET_NAME)";
				SWIFT_EMIT_LOC_STRINGS = YES;
				SWIFT_VERSION = 5.0;
				TARGETED_DEVICE_FAMILY = "1,2";
			};
			name = Release;
		};
/* End XCBuildConfiguration section */

/* Begin XCConfigurationList section */
		9825FCC32980378500527073 /* Build configuration list for PBXProject "Recipex" */ = {
			isa = XCConfigurationList;
			buildConfigurations = (
				9825FCDA2980378600527073 /* Debug */,
				9825FCDB2980378600527073 /* Release */,
			);
			defaultConfigurationIsVisible = 0;
			defaultConfigurationName = Release;
		};
		9825FCDC2980378600527073 /* Build configuration list for PBXNativeTarget "Recipex" */ = {
			isa = XCConfigurationList;
			buildConfigurations = (
				9825FCDD2980378600527073 /* Debug */,
				9825FCDE2980378600527073 /* Release */,
			);
			defaultConfigurationIsVisible = 0;
			defaultConfigurationName = Release;
		};
/* End XCConfigurationList section */

/* Begin XCRemoteSwiftPackageReference section */
		9825FCDF2980402500527073 /* XCRemoteSwiftPackageReference "Alamofire" */ = {
			isa = XCRemoteSwiftPackageReference;
			repositoryURL = "https://github.com/Alamofire/Alamofire.git";
			requirement = {
				kind = upToNextMajorVersion;
				minimumVersion = 5.0.0;
			};
		};
/* End XCRemoteSwiftPackageReference section */

/* Begin XCSwiftPackageProductDependency section */
		9825FCE02980402500527073 /* Alamofire */ = {
			isa = XCSwiftPackageProductDependency;
			package = 9825FCDF2980402500527073 /* XCRemoteSwiftPackageReference "Alamofire" */;
			productName = Alamofire;
		};
/* End XCSwiftPackageProductDependency section */
	};
	rootObject = 9825FCC02980378500527073 /* Project object */;
}
